
Microsoft Visual Studio Solution File, Format Version 12.00
# Visual Studio Version 17
VisualStudioVersion = 17.3.32804.467
MinimumVisualStudioVersion = 10.0.40219.1
Project("{9A19103F-16F7-4668-BE54-9A1E7A4F7556}") = "LaFermeWeb", "LaFermeWeb\LaFermeWeb.csproj", "{316591B9-D2AD-4C25-9C7E-2091573F058C}"
EndProject
Project("{9A19103F-16F7-4668-BE54-9A1E7A4F7556}") = "Model", "Model\Model.csproj", "{79599183-EB44-498D-8300-2ED8955FD32D}"
EndProject
Project("{9A19103F-16F7-4668-BE54-9A1E7A4F7556}") = "Repository", "Repository\Repository.csproj", "{EAFFF1FE-6772-4284-9D8D-6AD4C7E630B7}"
EndProject
Project("{9A19103F-16F7-4668-BE54-9A1E7A4F7556}") = "Business", "Business\Business.csproj", "{8095EA71-939F-4C85-AE84-C1B1FF0E17AB}"
EndProject
Project("{FAE04EC0-301F-11D3-BF4B-00C04F79EFBC}") = "Ferme.Data", "Ferme.Data\Ferme.Data.csproj", "{588FE91E-41DB-41A6-BC4A-356296CE30D0}"
EndProject
Global
	GlobalSection(SolutionConfigurationPlatforms) = preSolution
		Debug|Any CPU = Debug|Any CPU
		Release|Any CPU = Release|Any CPU
	EndGlobalSection
	GlobalSection(ProjectConfigurationPlatforms) = postSolution
		{316591B9-D2AD-4C25-9C7E-2091573F058C}.Debug|Any CPU.ActiveCfg = Debug|Any CPU
		{316591B9-D2AD-4C25-9C7E-2091573F058C}.Debug|Any CPU.Build.0 = Debug|Any CPU
		{316591B9-D2AD-4C25-9C7E-2091573F058C}.Release|Any CPU.ActiveCfg = Release|Any CPU
		{316591B9-D2AD-4C25-9C7E-2091573F058C}.Release|Any CPU.Build.0 = Release|Any CPU
		{79599183-EB44-498D-8300-2ED8955FD32D}.Debug|Any CPU.ActiveCfg = Debug|Any CPU
		{79599183-EB44-498D-8300-2ED8955FD32D}.Debug|Any CPU.Build.0 = Debug|Any CPU
		{79599183-EB44-498D-8300-2ED8955FD32D}.Release|Any CPU.ActiveCfg = Release|Any CPU
		{79599183-EB44-498D-8300-2ED8955FD32D}.Release|Any CPU.Build.0 = Release|Any CPU
		{EAFFF1FE-6772-4284-9D8D-6AD4C7E630B7}.Debug|Any CPU.ActiveCfg = Debug|Any CPU
		{EAFFF1FE-6772-4284-9D8D-6AD4C7E630B7}.Debug|Any CPU.Build.0 = Debug|Any CPU
		{EAFFF1FE-6772-4284-9D8D-6AD4C7E630B7}.Release|Any CPU.ActiveCfg = Release|Any CPU
		{EAFFF1FE-6772-4284-9D8D-6AD4C7E630B7}.Release|Any CPU.Build.0 = Release|Any CPU
		{8095EA71-939F-4C85-AE84-C1B1FF0E17AB}.Debug|Any CPU.ActiveCfg = Debug|Any CPU
		{8095EA71-939F-4C85-AE84-C1B1FF0E17AB}.Debug|Any CPU.Build.0 = Debug|Any CPU
		{8095EA71-939F-4C85-AE84-C1B1FF0E17AB}.Release|Any CPU.ActiveCfg = Release|Any CPU
		{8095EA71-939F-4C85-AE84-C1B1FF0E17AB}.Release|Any CPU.Build.0 = Release|Any CPU
		{588FE91E-41DB-41A6-BC4A-356296CE30D0}.Debug|Any CPU.ActiveCfg = Debug|Any CPU
		{588FE91E-41DB-41A6-BC4A-356296CE30D0}.Debug|Any CPU.Build.0 = Debug|Any CPU
		{588FE91E-41DB-41A6-BC4A-356296CE30D0}.Release|Any CPU.ActiveCfg = Release|Any CPU
		{588FE91E-41DB-41A6-BC4A-356296CE30D0}.Release|Any CPU.Build.0 = Release|Any CPU
	EndGlobalSection
	GlobalSection(SolutionProperties) = preSolution
		HideSolutionNode = FALSE
	EndGlobalSection
	GlobalSection(ExtensibilityGlobals) = postSolution
		SolutionGuid = {4640E067-CA5F-494D-8035-EBA8AF603916}
	EndGlobalSection
EndGlobal
